<?xml version="1.0" encoding="utf-8"?>
<Project ToolsVersion="4.0" xmlns="http://schemas.microsoft.com/developer/msbuild/2003">
  <ItemGroup>
    <Filter Include="Source Files">
      <UniqueIdentifier>{4FC737F1-C7A5-4376-A066-2A32D752A2FF}</UniqueIdentifier>
      <Extensions>cpp;c;cc;cxx;c++;cppm;ixx;def;odl;idl;hpj;bat;asm;asmx</Extensions>
    </Filter>
    <Filter Include="Header Files">
      <UniqueIdentifier>{93995380-89BD-4b04-88EB-625FBE52EBFB}</UniqueIdentifier>
      <Extensions>h;hh;hpp;hxx;h++;hm;inl;inc;ipp;xsd</Extensions>
    </Filter>
    <Filter Include="Resource Files">
      <UniqueIdentifier>{67DA6AB6-F800-4c08-8B7A-83BB121AAD01}</UniqueIdentifier>
      <Extensions>rc;ico;cur;bmp;dlg;rc2;rct;bin;rgs;gif;jpg;jpeg;jpe;resx;tiff;tif;png;wav;mfcribbon-ms</Extensions>
    </Filter>
    <Filter Include="Header Files\Alpha">
      <UniqueIdentifier>{605a1579-6894-4e09-b50f-a3b280bcbf6e}</UniqueIdentifier>
    </Filter>
    <Filter Include="Source Files\Alpha">
      <UniqueIdentifier>{cbafb921-08c7-43cf-8e13-817134c054af}</UniqueIdentifier>
    </Filter>
    <Filter Include="Header Files\AArch64">
      <UniqueIdentifier>{638e1d00-197c-4336-9a9b-ae9a02535ded}</UniqueIdentifier>
    </Filter>
    <Filter Include="Source Files\AArch64">
      <UniqueIdentifier>{cf9db406-7156-4769-a46f-61ab10459a19}</UniqueIdentifier>
    </Filter>
    <Filter Include="Source Files\ARC">
      <UniqueIdentifier>{31d118af-f3b4-422b-b8bf-5bc85330830f}</UniqueIdentifier>
    </Filter>
    <Filter Include="Header Files\ARC">
      <UniqueIdentifier>{1c8cb155-e362-4740-94e5-e929f39f201f}</UniqueIdentifier>
    </Filter>
    <Filter Include="Header Files\ARM">
      <UniqueIdentifier>{20d51ec7-9b86-4e15-86f2-f6e669e18796}</UniqueIdentifier>
    </Filter>
    <Filter Include="Source Files\ARM">
      <UniqueIdentifier>{039419bf-97f8-42b1-bb0d-17238a1c7d5c}</UniqueIdentifier>
    </Filter>
    <Filter Include="Source Files\BPF">
      <UniqueIdentifier>{7ef132af-6efa-4673-bf85-f3f2c112ef11}</UniqueIdentifier>
    </Filter>
    <Filter Include="Header Files\BPF">
      <UniqueIdentifier>{85b3655a-4727-432d-9b34-ac0c3bb1f790}</UniqueIdentifier>
    </Filter>
    <Filter Include="Source Files\EVM">
      <UniqueIdentifier>{96401a24-84ce-4a3a-a576-2b46e092eb6b}</UniqueIdentifier>
    </Filter>
    <Filter Include="Header Files\EVM">
      <UniqueIdentifier>{27bb0f22-0b68-4491-9f79-eb8669383283}</UniqueIdentifier>
    </Filter>
    <Filter Include="Header Files\HPPA">
      <UniqueIdentifier>{be4dc775-132c-4597-a887-dcc7fc1a0baa}</UniqueIdentifier>
    </Filter>
    <Filter Include="Source Files\HPPA">
      <UniqueIdentifier>{e37b0621-c9d1-47e5-a053-d99570b45690}</UniqueIdentifier>
    </Filter>
    <Filter Include="Header Files\Base">
      <UniqueIdentifier>{9b48f2ec-6bc1-4341-bc6c-47be08bcf5a3}</UniqueIdentifier>
    </Filter>
    <Filter Include="Source Files\Base">
      <UniqueIdentifier>{b7b9c332-f2e2-401c-86c3-19b97dc7bd51}</UniqueIdentifier>
    </Filter>
    <Filter Include="Header Files\LoongArch">
      <UniqueIdentifier>{a6170ff0-dd9a-470e-a334-fa56d823a47d}</UniqueIdentifier>
    </Filter>
    <Filter Include="Header Files\M68K">
      <UniqueIdentifier>{b05a8142-3c9d-4f8c-b8f5-24880908bc59}</UniqueIdentifier>
    </Filter>
    <Filter Include="Header Files\M680K">
      <UniqueIdentifier>{0adc0684-ff2e-40e4-aa3e-cc41b918bb85}</UniqueIdentifier>
    </Filter>
    <Filter Include="Header Files\MIPS">
      <UniqueIdentifier>{4b432833-e33a-4192-9652-586e8add40ae}</UniqueIdentifier>
    </Filter>
    <Filter Include="Header Files\MOS65XX">
      <UniqueIdentifier>{82848d86-c1a5-439f-877b-5ac16ed06d15}</UniqueIdentifier>
    </Filter>
    <Filter Include="Header Files\SH">
      <UniqueIdentifier>{cd83b6ab-7618-46c7-9667-72779abf3060}</UniqueIdentifier>
    </Filter>
    <Filter Include="Header Files\PowerPC">
      <UniqueIdentifier>{fa85eae8-d012-418b-b2e9-26e1f3566df2}</UniqueIdentifier>
    </Filter>
    <Filter Include="Header Files\RISCV">
      <UniqueIdentifier>{0fd278bb-82db-4f9f-984f-57dfafb90f71}</UniqueIdentifier>
    </Filter>
    <Filter Include="Header Files\Sparc">
      <UniqueIdentifier>{04b12bdf-f250-4485-ae43-4f0ab7691f43}</UniqueIdentifier>
    </Filter>
    <Filter Include="Header Files\SystemZ">
      <UniqueIdentifier>{c36a9a30-1a8f-46cc-852f-d75dd2fdbb94}</UniqueIdentifier>
    </Filter>
    <Filter Include="Header Files\TMS320C64x">
      <UniqueIdentifier>{2207c8a1-ac05-411c-bb85-fbcdac8c3f2d}</UniqueIdentifier>
    </Filter>
    <Filter Include="Header Files\TriCore">
      <UniqueIdentifier>{796a9b8e-9317-42a0-9d2e-2e3493c06313}</UniqueIdentifier>
    </Filter>
    <Filter Include="Header Files\WASM">
      <UniqueIdentifier>{535fb4d7-1423-4ee8-980e-0a86c6db8d34}</UniqueIdentifier>
    </Filter>
    <Filter Include="Header Files\X86">
      <UniqueIdentifier>{e7cc6de6-92fc-4ec2-b314-731b00686509}</UniqueIdentifier>
    </Filter>
    <Filter Include="Header Files\XCore">
      <UniqueIdentifier>{737a5eee-ee20-433b-a451-5f7f7e943fdc}</UniqueIdentifier>
    </Filter>
    <Filter Include="Header Files\XTensa">
      <UniqueIdentifier>{2d59fc72-3fa7-4188-aae5-10cd517b26b5}</UniqueIdentifier>
    </Filter>
    <Filter Include="Source Files\LoongArch">
      <UniqueIdentifier>{29cd4697-3e68-484b-9f84-70c3bfc9a020}</UniqueIdentifier>
    </Filter>
    <Filter Include="Source Files\M68K">
      <UniqueIdentifier>{bb7ecc31-aa58-49c0-b6f8-b93beada6709}</UniqueIdentifier>
    </Filter>
    <Filter Include="Source Files\M680K">
      <UniqueIdentifier>{cc6b36fc-79c9-438a-b6d6-1b89be34c984}</UniqueIdentifier>
    </Filter>
    <Filter Include="Source Files\Mips">
      <UniqueIdentifier>{471130ae-3612-4fba-8851-be864dddd568}</UniqueIdentifier>
    </Filter>
    <Filter Include="Source Files\MOS65XX">
      <UniqueIdentifier>{659472a5-9187-4e58-a607-eca018acbec1}</UniqueIdentifier>
    </Filter>
    <Filter Include="Source Files\RISCV">
      <UniqueIdentifier>{dac860ca-4843-49e9-8215-21bbe037d502}</UniqueIdentifier>
    </Filter>
    <Filter Include="Source Files\PowerPC">
      <UniqueIdentifier>{5ad94791-0640-498d-a307-f6fc2088bc60}</UniqueIdentifier>
    </Filter>
    <Filter Include="Source Files\SH">
      <UniqueIdentifier>{af20e80b-965b-4187-9889-df82979f0bc7}</UniqueIdentifier>
    </Filter>
    <Filter Include="Source Files\Sparc">
      <UniqueIdentifier>{76e8e544-2cdd-48aa-a79c-776a77fd890d}</UniqueIdentifier>
    </Filter>
    <Filter Include="Source Files\SystemZ">
      <UniqueIdentifier>{f7ab4463-5435-44f3-b654-7cf873cf96de}</UniqueIdentifier>
    </Filter>
    <Filter Include="Source Files\TMS320C64x">
      <UniqueIdentifier>{27f0a94c-6bab-497c-ad78-526e68b9bdc9}</UniqueIdentifier>
    </Filter>
    <Filter Include="Source Files\TriCore">
      <UniqueIdentifier>{1a8b7b66-867c-4a0e-ad43-d0a4397985c9}</UniqueIdentifier>
    </Filter>
    <Filter Include="Source Files\WASM">
      <UniqueIdentifier>{2de2ade5-eae5-42d8-9efd-57bbbb4c2a11}</UniqueIdentifier>
    </Filter>
    <Filter Include="Source Files\X86">
      <UniqueIdentifier>{24c85b45-57b4-4fc3-89b6-8da3cab56c5d}</UniqueIdentifier>
    </Filter>
    <Filter Include="Source Files\XCore">
      <UniqueIdentifier>{bf05ceb5-352d-4d07-a948-e9a9da417a1d}</UniqueIdentifier>
    </Filter>
    <Filter Include="Source Files\XTensa">
      <UniqueIdentifier>{4f92ce63-2f44-4559-9609-b3d34a18fd1f}</UniqueIdentifier>
    </Filter>
  </ItemGroup>
  <ItemGroup>
    <ClInclude Include="arch\AArch64\AArch64AddressingModes.h">
      <Filter>Header Files\AArch64</Filter>
    </ClInclude>
    <ClInclude Include="arch\AArch64\AArch64BaseInfo.h">
      <Filter>Header Files\AArch64</Filter>
    </ClInclude>
    <ClInclude Include="arch\AArch64\AArch64DisassemblerExtension.h">
      <Filter>Header Files\AArch64</Filter>
    </ClInclude>
    <ClInclude Include="arch\AArch64\AArch64InstPrinter.h">
      <Filter>Header Files\AArch64</Filter>
    </ClInclude>
    <ClInclude Include="arch\AArch64\AArch64Linkage.h">
      <Filter>Header Files\AArch64</Filter>
    </ClInclude>
    <ClInclude Include="arch\AArch64\AArch64Mapping.h">
      <Filter>Header Files\AArch64</Filter>
    </ClInclude>
    <ClInclude Include="arch\AArch64\AArch64Module.h">
      <Filter>Header Files\AArch64</Filter>
    </ClInclude>
    <ClInclude Include="arch\Alpha\AlphaDisassembler.h">
      <Filter>Header Files\Alpha</Filter>
    </ClInclude>
    <ClInclude Include="arch\Alpha\AlphaLinkage.h">
      <Filter>Header Files\Alpha</Filter>
    </ClInclude>
    <ClInclude Include="arch\Alpha\AlphaMapping.h">
      <Filter>Header Files\Alpha</Filter>
    </ClInclude>
    <ClInclude Include="arch\Alpha\AlphaModule.h">
      <Filter>Header Files\Alpha</Filter>
    </ClInclude>
    <ClInclude Include="arch\ARC\ARCInfo.h">
      <Filter>Header Files\ARC</Filter>
    </ClInclude>
    <ClInclude Include="arch\ARC\ARCInstPrinter.h">
      <Filter>Header Files\ARC</Filter>
    </ClInclude>
    <ClInclude Include="arch\ARC\ARCLinkage.h">
      <Filter>Header Files\ARC</Filter>
    </ClInclude>
    <ClInclude Include="arch\ARC\ARCMapping.h">
      <Filter>Header Files\ARC</Filter>
    </ClInclude>
    <ClInclude Include="arch\ARC\ARCModule.h">
      <Filter>Header Files\ARC</Filter>
    </ClInclude>
    <ClInclude Include="arch\ARM\ARMAddressingModes.h">
      <Filter>Header Files\ARM</Filter>
    </ClInclude>
    <ClInclude Include="arch\ARM\ARMBaseInfo.h">
      <Filter>Header Files\ARM</Filter>
    </ClInclude>
    <ClInclude Include="arch\ARM\ARMDisassemblerExtension.h">
      <Filter>Header Files\ARM</Filter>
    </ClInclude>
    <ClInclude Include="arch\ARM\ARMInstPrinter.h">
      <Filter>Header Files\ARM</Filter>
    </ClInclude>
    <ClInclude Include="arch\ARM\ARMLinkage.h">
      <Filter>Header Files\ARM</Filter>
    </ClInclude>
    <ClInclude Include="arch\ARM\ARMMapping.h">
      <Filter>Header Files\ARM</Filter>
    </ClInclude>
    <ClInclude Include="arch\ARM\ARMModule.h">
      <Filter>Header Files\ARM</Filter>
    </ClInclude>
    <ClInclude Include="arch\BPF\BPFConstants.h">
      <Filter>Header Files\BPF</Filter>
    </ClInclude>
    <ClInclude Include="arch\BPF\BPFDisassembler.h">
      <Filter>Header Files\BPF</Filter>
    </ClInclude>
    <ClInclude Include="arch\BPF\BPFInstPrinter.h">
      <Filter>Header Files\BPF</Filter>
    </ClInclude>
    <ClInclude Include="arch\BPF\BPFMapping.h">
      <Filter>Header Files\BPF</Filter>
    </ClInclude>
    <ClInclude Include="arch\BPF\BPFModule.h">
      <Filter>Header Files\BPF</Filter>
    </ClInclude>
    <ClInclude Include="arch\EVM\EVMDisassembler.h">
      <Filter>Header Files\EVM</Filter>
    </ClInclude>
    <ClInclude Include="arch\EVM\EVMInstPrinter.h">
      <Filter>Header Files\EVM</Filter>
    </ClInclude>
    <ClInclude Include="arch\EVM\EVMMapping.h">
      <Filter>Header Files\EVM</Filter>
    </ClInclude>
    <ClInclude Include="arch\EVM\EVMModule.h">
      <Filter>Header Files\EVM</Filter>
    </ClInclude>
    <ClInclude Include="arch\HPPA\HPPAConstants.h">
      <Filter>Header Files\HPPA</Filter>
    </ClInclude>
    <ClInclude Include="arch\HPPA\HPPADisassembler.h">
      <Filter>Header Files\HPPA</Filter>
    </ClInclude>
    <ClInclude Include="arch\HPPA\HPPAInstPrinter.h">
      <Filter>Header Files\HPPA</Filter>
    </ClInclude>
    <ClInclude Include="arch\HPPA\HPPAMapping.h">
      <Filter>Header Files\HPPA</Filter>
    </ClInclude>
    <ClInclude Include="arch\HPPA\HPPAModule.h">
      <Filter>Header Files\HPPA</Filter>
    </ClInclude>
    <ClInclude Include="cs_priv.h">
      <Filter>Header Files\Base</Filter>
    </ClInclude>
    <ClInclude Include="cs_simple_types.h">
      <Filter>Header Files\Base</Filter>
    </ClInclude>
    <ClInclude Include="framework.h">
      <Filter>Header Files\Base</Filter>
    </ClInclude>
    <ClInclude Include="LEB128.h">
      <Filter>Header Files\Base</Filter>
    </ClInclude>
    <ClInclude Include="Mapping.h">
      <Filter>Header Files\Base</Filter>
    </ClInclude>
    <ClInclude Include="MathExtras.h">
      <Filter>Header Files\Base</Filter>
    </ClInclude>
    <ClInclude Include="MCAsmInfo.h">
      <Filter>Header Files\Base</Filter>
    </ClInclude>
    <ClInclude Include="MCDisassembler.h">
      <Filter>Header Files\Base</Filter>
    </ClInclude>
    <ClInclude Include="MCFixedLenDisassembler.h">
      <Filter>Header Files\Base</Filter>
    </ClInclude>
    <ClInclude Include="MCInst.h">
      <Filter>Header Files\Base</Filter>
    </ClInclude>
    <ClInclude Include="MCInstPrinter.h">
      <Filter>Header Files\Base</Filter>
    </ClInclude>
    <ClInclude Include="MCInstrDesc.h">
      <Filter>Header Files\Base</Filter>
    </ClInclude>
    <ClInclude Include="MCRegisterInfo.h">
      <Filter>Header Files\Base</Filter>
    </ClInclude>
    <ClInclude Include="pch.h">
      <Filter>Header Files\Base</Filter>
    </ClInclude>
    <ClInclude Include="SStream.h">
      <Filter>Header Files\Base</Filter>
    </ClInclude>
    <ClInclude Include="utils.h">
      <Filter>Header Files\Base</Filter>
    </ClInclude>
  </ItemGroup>
  <ItemGroup>
    <ClCompile Include="arch\AArch64\AArch64BaseInfo.c">
      <Filter>Source Files\AArch64</Filter>
    </ClCompile>
    <ClCompile Include="arch\AArch64\AArch64Disassembler.c">
      <Filter>Source Files\AArch64</Filter>
    </ClCompile>
    <ClCompile Include="arch\AArch64\AArch64DisassemblerExtension.c">
      <Filter>Source Files\AArch64</Filter>
    </ClCompile>
    <ClCompile Include="arch\AArch64\AArch64InstPrinter.c">
      <Filter>Source Files\AArch64</Filter>
    </ClCompile>
    <ClCompile Include="arch\AArch64\AArch64Mapping.c">
      <Filter>Source Files\AArch64</Filter>
    </ClCompile>
    <ClCompile Include="arch\AArch64\AArch64Module.c">
      <Filter>Source Files\AArch64</Filter>
    </ClCompile>
    <ClCompile Include="arch\Alpha\AlphaDisassembler.c">
      <Filter>Source Files\Alpha</Filter>
    </ClCompile>
    <ClCompile Include="arch\Alpha\AlphaInstPrinter.c">
      <Filter>Source Files\Alpha</Filter>
    </ClCompile>
    <ClCompile Include="arch\Alpha\AlphaMapping.c">
      <Filter>Source Files\Alpha</Filter>
    </ClCompile>
    <ClCompile Include="arch\Alpha\AlphaModule.c">
      <Filter>Source Files\Alpha</Filter>
    </ClCompile>
    <ClCompile Include="arch\ARC\ARCDisassembler.c">
      <Filter>Source Files\ARC</Filter>
    </ClCompile>
    <ClCompile Include="arch\ARC\ARCInstPrinter.c">
      <Filter>Source Files\ARC</Filter>
    </ClCompile>
    <ClCompile Include="arch\ARC\ARCMapping.c">
      <Filter>Source Files\ARC</Filter>
    </ClCompile>
    <ClCompile Include="arch\ARC\ARCModule.c">
      <Filter>Source Files\ARC</Filter>
    </ClCompile>
    <ClCompile Include="arch\ARM\ARMBaseInfo.c">
      <Filter>Source Files\ARC</Filter>
    </ClCompile>
    <ClCompile Include="arch\ARM\ARMDisassemblerExtension.c">
      <Filter>Source Files\ARM</Filter>
    </ClCompile>
    <ClCompile Include="arch\ARM\ARMDisassembler.c">
      <Filter>Source Files\ARM</Filter>
    </ClCompile>
    <ClCompile Include="arch\ARM\ARMInstPrinter.c">
      <Filter>Source Files\ARM</Filter>
    </ClCompile>
    <ClCompile Include="arch\ARM\ARMMapping.c">
      <Filter>Source Files\ARM</Filter>
    </ClCompile>
    <ClCompile Include="arch\ARM\ARMModule.c">
      <Filter>Source Files\ARM</Filter>
    </ClCompile>
    <ClCompile Include="arch\BPF\BPFDisassembler.c">
      <Filter>Source Files\BPF</Filter>
    </ClCompile>
    <ClCompile Include="arch\BPF\BPFInstPrinter.c">
      <Filter>Source Files\BPF</Filter>
    </ClCompile>
    <ClCompile Include="arch\BPF\BPFMapping.c">
      <Filter>Source Files\BPF</Filter>
    </ClCompile>
    <ClCompile Include="arch\BPF\BPFModule.c">
      <Filter>Source Files\BPF</Filter>
    </ClCompile>
    <ClCompile Include="arch\EVM\EVMDisassembler.c">
      <Filter>Source Files\EVM</Filter>
    </ClCompile>
    <ClCompile Include="arch\EVM\EVMMapping.c">
      <Filter>Source Files\EVM</Filter>
    </ClCompile>
    <ClCompile Include="arch\EVM\EVMModule.c">
      <Filter>Source Files\EVM</Filter>
    </ClCompile>
    <ClCompile Include="arch\EVM\EVMInstPrinter.c">
      <Filter>Source Files\EVM</Filter>
    </ClCompile>
    <ClCompile Include="arch\HPPA\HPPADisassembler.c">
      <Filter>Source Files\HPPA</Filter>
    </ClCompile>
    <ClCompile Include="arch\HPPA\HPPAInstPrinter.c">
      <Filter>Source Files\HPPA</Filter>
    </ClCompile>
    <ClCompile Include="arch\HPPA\HPPAMapping.c">
      <Filter>Source Files\HPPA</Filter>
    </ClCompile>
    <ClCompile Include="arch\HPPA\HPPAModule.c">
      <Filter>Source Files\HPPA</Filter>
    </ClCompile>
    <ClCompile Include="cs.c">
      <Filter>Source Files\Base</Filter>
    </ClCompile>
    <ClCompile Include="Decompiler.c">
      <Filter>Source Files\Base</Filter>
    </ClCompile>
    <ClCompile Include="Mapping.c">
      <Filter>Source Files\Base</Filter>
    </ClCompile>
    <ClCompile Include="MCInst.c">
      <Filter>Source Files\Base</Filter>
    </ClCompile>
    <ClCompile Include="MCInstPrinter.c">
      <Filter>Source Files\Base</Filter>
    </ClCompile>
    <ClCompile Include="MCInstrDesc.c">
      <Filter>Source Files\Base</Filter>
    </ClCompile>
    <ClCompile Include="MCRegisterInfo.c">
      <Filter>Source Files\Base</Filter>
    </ClCompile>
    <ClCompile Include="pch.c">
      <Filter>Source Files\Base</Filter>
    </ClCompile>
    <ClCompile Include="SStream.c">
      <Filter>Source Files\Base</Filter>
    </ClCompile>
    <ClCompile Include="utils.c">
      <Filter>Source Files\Base</Filter>
    </ClCompile>
  </ItemGroup>
  <ItemGroup>
    <None Include="arch\AArch64\AArch64GenAsmWriter.inc">
      <Filter>Header Files\AArch64</Filter>
    </None>
    <None Include="arch\AArch64\AArch64GenCSAliasMnemMap.inc">
      <Filter>Header Files\AArch64</Filter>
    </None>
    <None Include="arch\AArch64\AArch64GenCSFeatureName.inc">
      <Filter>Header Files\AArch64</Filter>
    </None>
    <None Include="arch\AArch64\AArch64GenCSMappingInsn.inc">
      <Filter>Header Files\AArch64</Filter>
    </None>
    <None Include="arch\AArch64\AArch64GenCSMappingInsnName.inc">
      <Filter>Header Files\AArch64</Filter>
    </None>
    <None Include="arch\AArch64\AArch64GenCSMappingInsnOp.inc">
      <Filter>Header Files\AArch64</Filter>
    </None>
    <None Include="arch\AArch64\AArch64GenCSOpGroup.inc">
      <Filter>Header Files\AArch64</Filter>
    </None>
    <None Include="arch\AArch64\AArch64GenDisassemblerTables.inc">
      <Filter>Header Files\AArch64</Filter>
    </None>
    <None Include="arch\AArch64\AArch64GenInstrInfo.inc">
      <Filter>Header Files\AArch64</Filter>
    </None>
    <None Include="arch\AArch64\AArch64GenRegisterInfo.inc">
      <Filter>Header Files\AArch64</Filter>
    </None>
    <None Include="arch\AArch64\AArch64GenSubtargetInfo.inc">
      <Filter>Header Files\AArch64</Filter>
    </None>
    <None Include="arch\AArch64\AArch64GenSystemOperands.inc">
      <Filter>Header Files\AArch64</Filter>
    </None>
    <None Include="arch\AArch64\AArch64GenSystemRegister.inc">
      <Filter>Header Files\AArch64</Filter>
    </None>
    <None Include="arch\Alpha\AlphaGenAsmWriter.inc">
      <Filter>Header Files\Alpha</Filter>
    </None>
    <None Include="arch\Alpha\AlphaGenCSMappingInsn.inc">
      <Filter>Header Files\Alpha</Filter>
    </None>
    <None Include="arch\Alpha\AlphaGenCSMappingInsnName.inc">
      <Filter>Header Files\Alpha</Filter>
    </None>
    <None Include="arch\Alpha\AlphaGenCSMappingInsnOp.inc">
      <Filter>Header Files\Alpha</Filter>
    </None>
    <None Include="arch\Alpha\AlphaGenCSOpGroup.inc">
      <Filter>Header Files\Alpha</Filter>
    </None>
    <None Include="arch\Alpha\AlphaGenDisassemblerTables.inc">
      <Filter>Header Files\Alpha</Filter>
    </None>
    <None Include="arch\Alpha\AlphaGenInstrInfo.inc">
      <Filter>Header Files\Alpha</Filter>
    </None>
    <None Include="arch\Alpha\AlphaGenRegisterInfo.inc">
      <Filter>Header Files\Alpha</Filter>
    </None>
    <None Include="arch\Alpha\AlphaGenSubtargetInfo.inc">
      <Filter>Header Files\Alpha</Filter>
    </None>
    <None Include="arch\ARC\ARCGenAsmWriter.inc">
      <Filter>Header Files\ARC</Filter>
    </None>
    <None Include="arch\ARC\ARCGenCSInsnEnum.inc">
      <Filter>Header Files\ARC</Filter>
    </None>
    <None Include="arch\ARC\ARCGenCSMappingInsn.inc">
      <Filter>Header Files\ARC</Filter>
    </None>
    <None Include="arch\ARC\ARCGenCSMappingInsnName.inc">
      <Filter>Header Files\ARC</Filter>
    </None>
    <None Include="arch\ARC\ARCGenCSMappingInsnOp.inc">
      <Filter>Header Files\ARC</Filter>
    </None>
    <None Include="arch\ARC\ARCGenCSOpGroup.inc">
      <Filter>Header Files\ARC</Filter>
    </None>
    <None Include="arch\ARC\ARCGenCSRegEnum.inc">
      <Filter>Header Files\ARC</Filter>
    </None>
    <None Include="arch\ARC\ARCGenDisassemblerTables.inc">
      <Filter>Header Files\ARC</Filter>
    </None>
    <None Include="arch\ARC\ARCGenInstrInfo.inc">
      <Filter>Header Files\ARC</Filter>
    </None>
    <None Include="arch\ARC\ARCGenRegisterInfo.inc">
      <Filter>Header Files\ARC</Filter>
    </None>
    <None Include="arch\ARC\ARCGenSubtargetInfo.inc">
      <Filter>Header Files\ARC</Filter>
    </None>
    <None Include="arch\ARM\ARMFeatureEnum.inc">
      <Filter>Header Files\ARM</Filter>
    </None>
    <None Include="arch\ARM\ARMGenCSAliasMnemMap.inc">
      <Filter>Header Files\ARM</Filter>
    </None>
    <None Include="arch\ARM\ARMGenAsmWriter.inc">
      <Filter>Header Files\ARM</Filter>
    </None>
    <None Include="arch\ARM\ARMGenCSFeatureName.inc">
      <Filter>Header Files\ARM</Filter>
    </None>
    <None Include="arch\ARM\ARMGenCSMappingInsn.inc">
      <Filter>Header Files\ARM</Filter>
    </None>
    <None Include="arch\ARM\ARMGenCSMappingInsnName.inc">
      <Filter>Header Files\ARM</Filter>
    </None>
    <None Include="arch\ARM\ARMGenCSMappingInsnOp.inc">
      <Filter>Header Files\ARM</Filter>
    </None>
    <None Include="arch\ARM\ARMGenCSOpGroup.inc">
      <Filter>Header Files\ARM</Filter>
    </None>
    <None Include="arch\ARM\ARMGenDisassemblerTables.inc">
      <Filter>Header Files\ARM</Filter>
    </None>
    <None Include="arch\ARM\ARMGenInstrInfo.inc">
      <Filter>Header Files\ARM</Filter>
    </None>
    <None Include="arch\ARM\ARMGenRegisterInfo.inc">
      <Filter>Header Files\ARM</Filter>
    </None>
    <None Include="arch\ARM\ARMGenSubtargetInfo.inc">
      <Filter>Header Files\ARM</Filter>
    </None>
    <None Include="arch\ARM\ARMGenSystemRegister.inc">
      <Filter>Header Files\ARM</Filter>
    </None>
    <None Include="arch\ARM\ARMInsnEnum.inc">
      <Filter>Header Files\ARM</Filter>
    </None>
    <None Include="arch\EVM\EVMMappingInsn.inc">
      <Filter>Header Files\EVM</Filter>
    </None>
  </ItemGroup>
</Project>