<?xml version="1.0" encoding="utf-8"?>
<Project ToolsVersion="4.0" xmlns="http://schemas.microsoft.com/developer/msbuild/2003">
  <ItemGroup>
    <Filter Include="Source Files">
      <UniqueIdentifier>{4FC737F1-C7A5-4376-A066-2A32D752A2FF}</UniqueIdentifier>
      <Extensions>cpp;c;cc;cxx;c++;cppm;ixx;def;odl;idl;hpj;bat;asm;asmx</Extensions>
    </Filter>
    <Filter Include="Header Files">
      <UniqueIdentifier>{93995380-89BD-4b04-88EB-625FBE52EBFB}</UniqueIdentifier>
      <Extensions>h;hh;hpp;hxx;h++;hm;inl;inc;ipp;xsd</Extensions>
    </Filter>
    <Filter Include="Resource Files">
      <UniqueIdentifier>{67DA6AB6-F800-4c08-8B7A-83BB121AAD01}</UniqueIdentifier>
      <Extensions>rc;ico;cur;bmp;dlg;rc2;rct;bin;rgs;gif;jpg;jpeg;jpe;resx;tiff;tif;png;wav;mfcribbon-ms</Extensions>
    </Filter>
  </ItemGroup>
  <ItemGroup>
    <ClInclude Include="framework.h">
      <Filter>Header Files</Filter>
    </ClInclude>
    <ClInclude Include="pch.h">
      <Filter>Header Files</Filter>
    </ClInclude>
  </ItemGroup>
  <ItemGroup>
    <ClCompile Include="pch.cpp">
      <Filter>Source Files</Filter>
    </ClCompile>
    <ClCompile Include="..\JWlib\c\writelib.cpp">
      <Filter>Source Files</Filter>
    </ClCompile>
    <ClCompile Include="..\JWlib\c\wlibutil.cpp">
      <Filter>Source Files</Filter>
    </ClCompile>
    <ClCompile Include="..\JWlib\c\wlib.cpp">
      <Filter>Source Files</Filter>
    </ClCompile>
    <ClCompile Include="..\JWlib\c\symtable.cpp">
      <Filter>Source Files</Filter>
    </ClCompile>
    <ClCompile Include="..\JWlib\c\symlist.cpp">
      <Filter>Source Files</Filter>
    </ClCompile>
    <ClCompile Include="..\JWlib\c\proclib.cpp">
      <Filter>Source Files</Filter>
    </ClCompile>
    <ClCompile Include="..\JWlib\c\orlrtns.cpp">
      <Filter>Source Files</Filter>
    </ClCompile>
    <ClCompile Include="..\JWlib\c\omfutil.cpp">
      <Filter>Source Files</Filter>
    </ClCompile>
    <ClCompile Include="..\JWlib\c\omfproc.cpp">
      <Filter>Source Files</Filter>
    </ClCompile>
    <ClCompile Include="..\JWlib\c\memfuncs.cpp">
      <Filter>Source Files</Filter>
    </ClCompile>
    <ClCompile Include="..\JWlib\c\libwalk.cpp">
      <Filter>Source Files</Filter>
    </ClCompile>
    <ClCompile Include="..\JWlib\c\cmdline.cpp">
      <Filter>Source Files</Filter>
    </ClCompile>
    <ClCompile Include="..\JWlib\c\coffwrt.cpp">
      <Filter>Source Files</Filter>
    </ClCompile>
    <ClCompile Include="..\JWlib\c\convert.cpp">
      <Filter>Source Files</Filter>
    </ClCompile>
    <ClCompile Include="..\JWlib\c\debug.cpp">
      <Filter>Source Files</Filter>
    </ClCompile>
    <ClCompile Include="..\JWlib\c\elfobjs.cpp">
      <Filter>Source Files</Filter>
    </ClCompile>
    <ClCompile Include="..\JWlib\c\error.cpp">
      <Filter>Source Files</Filter>
    </ClCompile>
    <ClCompile Include="..\JWlib\c\idedrv.cpp">
      <Filter>Source Files</Filter>
    </ClCompile>
    <ClCompile Include="..\JWlib\c\ideentry.cpp">
      <Filter>Source Files</Filter>
    </ClCompile>
    <ClCompile Include="..\JWlib\c\idemsgfm.cpp">
      <Filter>Source Files</Filter>
    </ClCompile>
    <ClCompile Include="..\JWlib\c\idemsgpr.cpp">
      <Filter>Source Files</Filter>
    </ClCompile>
    <ClCompile Include="..\JWlib\c\implib.cpp">
      <Filter>Source Files</Filter>
    </ClCompile>
    <ClCompile Include="..\JWlib\c\inlib.cpp">
      <Filter>Source Files</Filter>
    </ClCompile>
    <ClCompile Include="..\JWlib\c\libio.cpp">
      <Filter>Source Files</Filter>
    </ClCompile>
  </ItemGroup>
</Project>